
Microsoft Visual Studio Solution File, Format Version 12.00
# Visual Studio Version 17
VisualStudioVersion = 17.8.34330.188
MinimumVisualStudioVersion = 10.0.40219.1
Project("{FAE04EC0-301F-11D3-BF4B-00C04F79EFBC}") = "Lab2-B1", "Lab2-B1\Lab2-B1.csproj", "{FC7750B4-6800-4AAD-B59C-B6C7627AD9A8}"
EndProject
Global
	GlobalSection(SolutionConfigurationPlatforms) = preSolution
		Debug|Any CPU = Debug|Any CPU
		Release|Any CPU = Release|Any CPU
	EndGlobalSection
	GlobalSection(ProjectConfigurationPlatforms) = postSolution
		{FC7750B4-6800-4AAD-B59C-B6C7627AD9A8}.Debug|Any CPU.ActiveCfg = Debug|Any CPU
		{FC7750B4-6800-4AAD-B59C-B6C7627AD9A8}.Debug|Any CPU.Build.0 = Debug|Any CPU
		{FC7750B4-6800-4AAD-B59C-B6C7627AD9A8}.Release|Any CPU.ActiveCfg = Release|Any CPU
		{FC7750B4-6800-4AAD-B59C-B6C7627AD9A8}.Release|Any CPU.Build.0 = Release|Any CPU
	EndGlobalSection
	GlobalSection(SolutionProperties) = preSolution
		HideSolutionNode = FALSE
	EndGlobalSection
	GlobalSection(ExtensibilityGlobals) = postSolution
		SolutionGuid = {78A7BF16-2AD7-4B9D-9022-B7FBEFB49DA6}
	EndGlobalSection
EndGlobal
